// !$*UTF8*$!
{
	archiveVersion = 1;
	classes = {
	};
	objectVersion = 55;
	objects = {

/* Begin PBXBuildFile section */
		7B0BD240286227A500BB8E86 /* StockIWantGetTooApp.swift in Sources */ = {isa = PBXBuildFile; fileRef = 7B0BD23F286227A500BB8E86 /* StockIWantGetTooApp.swift */; };
		7B0BD242286227A500BB8E86 /* ContentView.swift in Sources */ = {isa = PBXBuildFile; fileRef = 7B0BD241286227A500BB8E86 /* ContentView.swift */; };
		7B0BD244286227A600BB8E86 /* Assets.xcassets in Resources */ = {isa = PBXBuildFile; fileRef = 7B0BD243286227A600BB8E86 /* Assets.xcassets */; };
		7B0BD247286227A600BB8E86 /* Preview Assets.xcassets in Resources */ = {isa = PBXBuildFile; fileRef = 7B0BD246286227A600BB8E86 /* Preview Assets.xcassets */; };
		7B0BD251286227A600BB8E86 /* StockIWantGetTooTests.swift in Sources */ = {isa = PBXBuildFile; fileRef = 7B0BD250286227A600BB8E86 /* StockIWantGetTooTests.swift */; };
		7B0BD25B286227A600BB8E86 /* StockIWantGetTooUITests.swift in Sources */ = {isa = PBXBuildFile; fileRef = 7B0BD25A286227A600BB8E86 /* StockIWantGetTooUITests.swift */; };
		7B0BD25D286227A600BB8E86 /* StockIWantGetTooUITestsLaunchTests.swift in Sources */ = {isa = PBXBuildFile; fileRef = 7B0BD25C286227A600BB8E86 /* StockIWantGetTooUITestsLaunchTests.swift */; };
/* End PBXBuildFile section */

/* Begin PBXContainerItemProxy section */
		7B0BD24D286227A600BB8E86 /* PBXContainerItemProxy */ = {
			isa = PBXContainerItemProxy;
			containerPortal = 7B0BD234286227A500BB8E86 /* Project object */;
			proxyType = 1;
			remoteGlobalIDString = 7B0BD23B286227A500BB8E86;
			remoteInfo = StockIWantGetToo;
		};
		7B0BD257286227A600BB8E86 /* PBXContainerItemProxy */ = {
			isa = PBXContainerItemProxy;
			containerPortal = 7B0BD234286227A500BB8E86 /* Project object */;
			proxyType = 1;
			remoteGlobalIDString = 7B0BD23B286227A500BB8E86;
			remoteInfo = StockIWantGetToo;
		};
/* End PBXContainerItemProxy section */

/* Begin PBXFileReference section */
		7B0BD23C286227A500BB8E86 /* StockIWantGetToo.app */ = {isa = PBXFileReference; explicitFileType = wrapper.application; includeInIndex = 0; path = StockIWantGetToo.app; sourceTree = BUILT_PRODUCTS_DIR; };
		7B0BD23F286227A500BB8E86 /* StockIWantGetTooApp.swift */ = {isa = PBXFileReference; lastKnownFileType = sourcecode.swift; path = StockIWantGetTooApp.swift; sourceTree = "<group>"; };
		7B0BD241286227A500BB8E86 /* ContentView.swift */ = {isa = PBXFileReference; lastKnownFileType = sourcecode.swift; path = ContentView.swift; sourceTree = "<group>"; };
		7B0BD243286227A600BB8E86 /* Assets.xcassets */ = {isa = PBXFileReference; lastKnownFileType = folder.assetcatalog; path = Assets.xcassets; sourceTree = "<group>"; };
		7B0BD246286227A600BB8E86 /* Preview Assets.xcassets */ = {isa = PBXFileReference; lastKnownFileType = folder.assetcatalog; path = "Preview Assets.xcassets"; sourceTree = "<group>"; };
		7B0BD24C286227A600BB8E86 /* StockIWantGetTooTests.xctest */ = {isa = PBXFileReference; explicitFileType = wrapper.cfbundle; includeInIndex = 0; path = StockIWantGetTooTests.xctest; sourceTree = BUILT_PRODUCTS_DIR; };
		7B0BD250286227A600BB8E86 /* StockIWantGetTooTests.swift */ = {isa = PBXFileReference; lastKnownFileType = sourcecode.swift; path = StockIWantGetTooTests.swift; sourceTree = "<group>"; };
		7B0BD256286227A600BB8E86 /* StockIWantGetTooUITests.xctest */ = {isa = PBXFileReference; explicitFileType = wrapper.cfbundle; includeInIndex = 0; path = StockIWantGetTooUITests.xctest; sourceTree = BUILT_PRODUCTS_DIR; };
		7B0BD25A286227A600BB8E86 /* StockIWantGetTooUITests.swift */ = {isa = PBXFileReference; lastKnownFileType = sourcecode.swift; path = StockIWantGetTooUITests.swift; sourceTree = "<group>"; };
		7B0BD25C286227A600BB8E86 /* StockIWantGetTooUITestsLaunchTests.swift */ = {isa = PBXFileReference; lastKnownFileType = sourcecode.swift; path = StockIWantGetTooUITestsLaunchTests.swift; sourceTree = "<group>"; };
/* End PBXFileReference section */

/* Begin PBXFrameworksBuildPhase section */
		7B0BD239286227A500BB8E86 /* Frameworks */ = {
			isa = PBXFrameworksBuildPhase;
			buildActionMask = 2147483647;
			files = (
			);
			runOnlyForDeploymentPostprocessing = 0;
		};
		7B0BD249286227A600BB8E86 /* Frameworks */ = {
			isa = PBXFrameworksBuildPhase;
			buildActionMask = 2147483647;
			files = (
			);
			runOnlyForDeploymentPostprocessing = 0;
		};
		7B0BD253286227A600BB8E86 /* Frameworks */ = {
			isa = PBXFrameworksBuildPhase;
			buildActionMask = 2147483647;
			files = (
			);
			runOnlyForDeploymentPostprocessing = 0;
		};
/* End PBXFrameworksBuildPhase section */

/* Begin PBXGroup section */
		7B0BD233286227A500BB8E86 = {
			isa = PBXGroup;
			children = (
				7B0BD23E286227A500BB8E86 /* StockIWantGetToo */,
				7B0BD24F286227A600BB8E86 /* StockIWantGetTooTests */,
				7B0BD259286227A600BB8E86 /* StockIWantGetTooUITests */,
				7B0BD23D286227A500BB8E86 /* Products */,
			);
			sourceTree = "<group>";
		};
		7B0BD23D286227A500BB8E86 /* Products */ = {
			isa = PBXGroup;
			children = (
				7B0BD23C286227A500BB8E86 /* StockIWantGetToo.app */,
				7B0BD24C286227A600BB8E86 /* StockIWantGetTooTests.xctest */,
				7B0BD256286227A600BB8E86 /* StockIWantGetTooUITests.xctest */,
			);
			name = Products;
			sourceTree = "<group>";
		};
		7B0BD23E286227A500BB8E86 /* StockIWantGetToo */ = {
			isa = PBXGroup;
			children = (
				7B0BD23F286227A500BB8E86 /* StockIWantGetTooApp.swift */,
				7B0BD241286227A500BB8E86 /* ContentView.swift */,
				7B0BD243286227A600BB8E86 /* Assets.xcassets */,
				7B0BD245286227A600BB8E86 /* Preview Content */,
			);
			path = StockIWantGetToo;
			sourceTree = "<group>";
		};
		7B0BD245286227A600BB8E86 /* Preview Content */ = {
			isa = PBXGroup;
			children = (
				7B0BD246286227A600BB8E86 /* Preview Assets.xcassets */,
			);
			path = "Preview Content";
			sourceTree = "<group>";
		};
		7B0BD24F286227A600BB8E86 /* StockIWantGetTooTests */ = {
			isa = PBXGroup;
			children = (
				7B0BD250286227A600BB8E86 /* StockIWantGetTooTests.swift */,
			);
			path = StockIWantGetTooTests;
			sourceTree = "<group>";
		};
		7B0BD259286227A600BB8E86 /* StockIWantGetTooUITests */ = {
			isa = PBXGroup;
			children = (
				7B0BD25A286227A600BB8E86 /* StockIWantGetTooUITests.swift */,
				7B0BD25C286227A600BB8E86 /* StockIWantGetTooUITestsLaunchTests.swift */,
			);
			path = StockIWantGetTooUITests;
			sourceTree = "<group>";
		};
/* End PBXGroup section */

/* Begin PBXNativeTarget section */
		7B0BD23B286227A500BB8E86 /* StockIWantGetToo */ = {
			isa = PBXNativeTarget;
			buildConfigurationList = 7B0BD260286227A600BB8E86 /* Build configuration list for PBXNativeTarget "StockIWantGetToo" */;
			buildPhases = (
				7B0BD238286227A500BB8E86 /* Sources */,
				7B0BD239286227A500BB8E86 /* Frameworks */,
				7B0BD23A286227A500BB8E86 /* Resources */,
			);
			buildRules = (
			);
			dependencies = (
			);
			name = StockIWantGetToo;
			productName = StockIWantGetToo;
			productReference = 7B0BD23C286227A500BB8E86 /* StockIWantGetToo.app */;
			productType = "com.apple.product-type.application";
		};
		7B0BD24B286227A600BB8E86 /* StockIWantGetTooTests */ = {
			isa = PBXNativeTarget;
			buildConfigurationList = 7B0BD263286227A600BB8E86 /* Build configuration list for PBXNativeTarget "StockIWantGetTooTests" */;
			buildPhases = (
				7B0BD248286227A600BB8E86 /* Sources */,
				7B0BD249286227A600BB8E86 /* Frameworks */,
				7B0BD24A286227A600BB8E86 /* Resources */,
			);
			buildRules = (
			);
			dependencies = (
				7B0BD24E286227A600BB8E86 /* PBXTargetDependency */,
			);
			name = StockIWantGetTooTests;
			productName = StockIWantGetTooTests;
			productReference = 7B0BD24C286227A600BB8E86 /* StockIWantGetTooTests.xctest */;
			productType = "com.apple.product-type.bundle.unit-test";
		};
		7B0BD255286227A600BB8E86 /* StockIWantGetTooUITests */ = {
			isa = PBXNativeTarget;
			buildConfigurationList = 7B0BD266286227A600BB8E86 /* Build configuration list for PBXNativeTarget "StockIWantGetTooUITests" */;
			buildPhases = (
				7B0BD252286227A600BB8E86 /* Sources */,
				7B0BD253286227A600BB8E86 /* Frameworks */,
				7B0BD254286227A600BB8E86 /* Resources */,
			);
			buildRules = (
			);
			dependencies = (
				7B0BD258286227A600BB8E86 /* PBXTargetDependency */,
			);
			name = StockIWantGetTooUITests;
			productName = StockIWantGetTooUITests;
			productReference = 7B0BD256286227A600BB8E86 /* StockIWantGetTooUITests.xctest */;
			productType = "com.apple.product-type.bundle.ui-testing";
		};
/* End PBXNativeTarget section */

/* Begin PBXProject section */
		7B0BD234286227A500BB8E86 /* Project object */ = {
			isa = PBXProject;
			attributes = {
				BuildIndependentTargetsInParallel = 1;
				LastSwiftUpdateCheck = 1330;
				LastUpgradeCheck = 1330;
				TargetAttributes = {
					7B0BD23B286227A500BB8E86 = {
						CreatedOnToolsVersion = 13.3;
					};
					7B0BD24B286227A600BB8E86 = {
						CreatedOnToolsVersion = 13.3;
						TestTargetID = 7B0BD23B286227A500BB8E86;
					};
					7B0BD255286227A600BB8E86 = {
						CreatedOnToolsVersion = 13.3;
						TestTargetID = 7B0BD23B286227A500BB8E86;
					};
				};
			};
			buildConfigurationList = 7B0BD237286227A500BB8E86 /* Build configuration list for PBXProject "StockIWantGetToo" */;
			compatibilityVersion = "Xcode 13.0";
			developmentRegion = en;
			hasScannedForEncodings = 0;
			knownRegions = (
				en,
				Base,
			);
			mainGroup = 7B0BD233286227A500BB8E86;
			productRefGroup = 7B0BD23D286227A500BB8E86 /* Products */;
			projectDirPath = "";
			projectRoot = "";
			targets = (
				7B0BD23B286227A500BB8E86 /* StockIWantGetToo */,
				7B0BD24B286227A600BB8E86 /* StockIWantGetTooTests */,
				7B0BD255286227A600BB8E86 /* StockIWantGetTooUITests */,
			);
		};
/* End PBXProject section */

/* Begin PBXResourcesBuildPhase section */
		7B0BD23A286227A500BB8E86 /* Resources */ = {
			isa = PBXResourcesBuildPhase;
			buildActionMask = 2147483647;
			files = (
				7B0BD247286227A600BB8E86 /* Preview Assets.xcassets in Resources */,
				7B0BD244286227A600BB8E86 /* Assets.xcassets in Resources */,
			);
			runOnlyForDeploymentPostprocessing = 0;
		};
		7B0BD24A286227A600BB8E86 /* Resources */ = {
			isa = PBXResourcesBuildPhase;
			buildActionMask = 2147483647;
			files = (
			);
			runOnlyForDeploymentPostprocessing = 0;
		};
		7B0BD254286227A600BB8E86 /* Resources */ = {
			isa = PBXResourcesBuildPhase;
			buildActionMask = 2147483647;
			files = (
			);
			runOnlyForDeploymentPostprocessing = 0;
		};
/* End PBXResourcesBuildPhase section */

/* Begin PBXSourcesBuildPhase section */
		7B0BD238286227A500BB8E86 /* Sources */ = {
			isa = PBXSourcesBuildPhase;
			buildActionMask = 2147483647;
			files = (
				7B0BD242286227A500BB8E86 /* ContentView.swift in Sources */,
				7B0BD240286227A500BB8E86 /* StockIWantGetTooApp.swift in Sources */,
			);
			runOnlyForDeploymentPostprocessing = 0;
		};
		7B0BD248286227A600BB8E86 /* Sources */ = {
			isa = PBXSourcesBuildPhase;
			buildActionMask = 2147483647;
			files = (
				7B0BD251286227A600BB8E86 /* StockIWantGetTooTests.swift in Sources */,
			);
			runOnlyForDeploymentPostprocessing = 0;
		};
		7B0BD252286227A600BB8E86 /* Sources */ = {
			isa = PBXSourcesBuildPhase;
			buildActionMask = 2147483647;
			files = (
				7B0BD25B286227A600BB8E86 /* StockIWantGetTooUITests.swift in Sources */,
				7B0BD25D286227A600BB8E86 /* StockIWantGetTooUITestsLaunchTests.swift in Sources */,
			);
			runOnlyForDeploymentPostprocessing = 0;
		};
/* End PBXSourcesBuildPhase section */

/* Begin PBXTargetDependency section */
		7B0BD24E286227A600BB8E86 /* PBXTargetDependency */ = {
			isa = PBXTargetDependency;
			target = 7B0BD23B286227A500BB8E86 /* StockIWantGetToo */;
			targetProxy = 7B0BD24D286227A600BB8E86 /* PBXContainerItemProxy */;
		};
		7B0BD258286227A600BB8E86 /* PBXTargetDependency */ = {
			isa = PBXTargetDependency;
			target = 7B0BD23B286227A500BB8E86 /* StockIWantGetToo */;
			targetProxy = 7B0BD257286227A600BB8E86 /* PBXContainerItemProxy */;
		};
/* End PBXTargetDependency section */

/* Begin XCBuildConfiguration section */
		7B0BD25E286227A600BB8E86 /* Debug */ = {
			isa = XCBuildConfiguration;
			buildSettings = {
				ALWAYS_SEARCH_USER_PATHS = NO;
				CLANG_ANALYZER_NONNULL = YES;
				CLANG_ANALYZER_NUMBER_OBJECT_CONVERSION = YES_AGGRESSIVE;
				CLANG_CXX_LANGUAGE_STANDARD = "gnu++17";
				CLANG_ENABLE_MODULES = YES;
				CLANG_ENABLE_OBJC_ARC = YES;
				CLANG_ENABLE_OBJC_WEAK = YES;
				CLANG_WARN_BLOCK_CAPTURE_AUTORELEASING = YES;
				CLANG_WARN_BOOL_CONVERSION = YES;
				CLANG_WARN_COMMA = YES;
				CLANG_WARN_CONSTANT_CONVERSION = YES;
				CLANG_WARN_DEPRECATED_OBJC_IMPLEMENTATIONS = YES;
				CLANG_WARN_DIRECT_OBJC_ISA_USAGE = YES_ERROR;
				CLANG_WARN_DOCUMENTATION_COMMENTS = YES;
				CLANG_WARN_EMPTY_BODY = YES;
				CLANG_WARN_ENUM_CONVERSION = YES;
				CLANG_WARN_INFINITE_RECURSION = YES;
				CLANG_WARN_INT_CONVERSION = YES;
				CLANG_WARN_NON_LITERAL_NULL_CONVERSION = YES;
				CLANG_WARN_OBJC_IMPLICIT_RETAIN_SELF = YES;
				CLANG_WARN_OBJC_LITERAL_CONVERSION = YES;
				CLANG_WARN_OBJC_ROOT_CLASS = YES_ERROR;
				CLANG_WARN_QUOTED_INCLUDE_IN_FRAMEWORK_HEADER = YES;
				CLANG_WARN_RANGE_LOOP_ANALYSIS = YES;
				CLANG_WARN_STRICT_PROTOTYPES = YES;
				CLANG_WARN_SUSPICIOUS_MOVE = YES;
				CLANG_WARN_UNGUARDED_AVAILABILITY = YES_AGGRESSIVE;
				CLANG_WARN_UNREACHABLE_CODE = YES;
				CLANG_WARN__DUPLICATE_METHOD_MATCH = YES;
				COPY_PHASE_STRIP = NO;
				DEBUG_INFORMATION_FORMAT = dwarf;
				ENABLE_STRICT_OBJC_MSGSEND = YES;
				ENABLE_TESTABILITY = YES;
				GCC_C_LANGUAGE_STANDARD = gnu11;
				GCC_DYNAMIC_NO_PIC = NO;
				GCC_NO_COMMON_BLOCKS = YES;
				GCC_OPTIMIZATION_LEVEL = 0;
				GCC_PREPROCESSOR_DEFINITIONS = (
					"DEBUG=1",
					"$(inherited)",
				);
				GCC_WARN_64_TO_32_BIT_CONVERSION = YES;
				GCC_WARN_ABOUT_RETURN_TYPE = YES_ERROR;
				GCC_WARN_UNDECLARED_SELECTOR = YES;
				GCC_WARN_UNINITIALIZED_AUTOS = YES_AGGRESSIVE;
				GCC_WARN_UNUSED_FUNCTION = YES;
				GCC_WARN_UNUSED_VARIABLE = YES;
				IPHONEOS_DEPLOYMENT_TARGET = 15.4;
				MTL_ENABLE_DEBUG_INFO = INCLUDE_SOURCE;
				MTL_FAST_MATH = YES;
				ONLY_ACTIVE_ARCH = YES;
				SDKROOT = iphoneos;
				SWIFT_ACTIVE_COMPILATION_CONDITIONS = DEBUG;
				SWIFT_OPTIMIZATION_LEVEL = "-Onone";
			};
			name = Debug;
		};
		7B0BD25F286227A600BB8E86 /* Release */ = {
			isa = XCBuildConfiguration;
			buildSettings = {
				ALWAYS_SEARCH_USER_PATHS = NO;
				CLANG_ANALYZER_NONNULL = YES;
				CLANG_ANALYZER_NUMBER_OBJECT_CONVERSION = YES_AGGRESSIVE;
				CLANG_CXX_LANGUAGE_STANDARD = "gnu++17";
				CLANG_ENABLE_MODULES = YES;
				CLANG_ENABLE_OBJC_ARC = YES;
				CLANG_ENABLE_OBJC_WEAK = YES;
				CLANG_WARN_BLOCK_CAPTURE_AUTORELEASING = YES;
				CLANG_WARN_BOOL_CONVERSION = YES;
				CLANG_WARN_COMMA = YES;
				CLANG_WARN_CONSTANT_CONVERSION = YES;
				CLANG_WARN_DEPRECATED_OBJC_IMPLEMENTATIONS = YES;
				CLANG_WARN_DIRECT_OBJC_ISA_USAGE = YES_ERROR;
				CLANG_WARN_DOCUMENTATION_COMMENTS = YES;
				CLANG_WARN_EMPTY_BODY = YES;
				CLANG_WARN_ENUM_CONVERSION = YES;
				CLANG_WARN_INFINITE_RECURSION = YES;
				CLANG_WARN_INT_CONVERSION = YES;
				CLANG_WARN_NON_LITERAL_NULL_CONVERSION = YES;
				CLANG_WARN_OBJC_IMPLICIT_RETAIN_SELF = YES;
				CLANG_WARN_OBJC_LITERAL_CONVERSION = YES;
				CLANG_WARN_OBJC_ROOT_CLASS = YES_ERROR;
				CLANG_WARN_QUOTED_INCLUDE_IN_FRAMEWORK_HEADER = YES;
				CLANG_WARN_RANGE_LOOP_ANALYSIS = YES;
				CLANG_WARN_STRICT_PROTOTYPES = YES;
				CLANG_WARN_SUSPICIOUS_MOVE = YES;
				CLANG_WARN_UNGUARDED_AVAILABILITY = YES_AGGRESSIVE;
				CLANG_WARN_UNREACHABLE_CODE = YES;
				CLANG_WARN__DUPLICATE_METHOD_MATCH = YES;
				COPY_PHASE_STRIP = NO;
				DEBUG_INFORMATION_FORMAT = "dwarf-with-dsym";
				ENABLE_NS_ASSERTIONS = NO;
				ENABLE_STRICT_OBJC_MSGSEND = YES;
				GCC_C_LANGUAGE_STANDARD = gnu11;
				GCC_NO_COMMON_BLOCKS = YES;
				GCC_WARN_64_TO_32_BIT_CONVERSION = YES;
				GCC_WARN_ABOUT_RETURN_TYPE = YES_ERROR;
				GCC_WARN_UNDECLARED_SELECTOR = YES;
				GCC_WARN_UNINITIALIZED_AUTOS = YES_AGGRESSIVE;
				GCC_WARN_UNUSED_FUNCTION = YES;
				GCC_WARN_UNUSED_VARIABLE = YES;
				IPHONEOS_DEPLOYMENT_TARGET = 15.4;
				MTL_ENABLE_DEBUG_INFO = NO;
				MTL_FAST_MATH = YES;
				SDKROOT = iphoneos;
				SWIFT_COMPILATION_MODE = wholemodule;
				SWIFT_OPTIMIZATION_LEVEL = "-O";
				VALIDATE_PRODUCT = YES;
			};
			name = Release;
		};
		7B0BD261286227A600BB8E86 /* Debug */ = {
			isa = XCBuildConfiguration;
			buildSettings = {
				ASSETCATALOG_COMPILER_APPICON_NAME = AppIcon;
				ASSETCATALOG_COMPILER_GLOBAL_ACCENT_COLOR_NAME = AccentColor;
				CODE_SIGN_STYLE = Automatic;
				CURRENT_PROJECT_VERSION = 1;
				DEVELOPMENT_ASSET_PATHS = "\"StockIWantGetToo/Preview Content\"";
				DEVELOPMENT_TEAM = QA36XKL5W8;
				ENABLE_PREVIEWS = YES;
				GENERATE_INFOPLIST_FILE = YES;
				INFOPLIST_KEY_UIApplicationSceneManifest_Generation = YES;
				INFOPLIST_KEY_UIApplicationSupportsIndirectInputEvents = YES;
				INFOPLIST_KEY_UILaunchScreen_Generation = YES;
				INFOPLIST_KEY_UISupportedInterfaceOrientations_iPad = "UIInterfaceOrientationPortrait UIInterfaceOrientationPortraitUpsideDown UIInterfaceOrientationLandscapeLeft UIInterfaceOrientationLandscapeRight";
				INFOPLIST_KEY_UISupportedInterfaceOrientations_iPhone = "UIInterfaceOrientationPortrait UIInterfaceOrientationLandscapeLeft UIInterfaceOrientationLandscapeRight";
				LD_RUNPATH_SEARCH_PATHS = (
					"$(inherited)",
					"@executable_path/Frameworks",
				);
				MARKETING_VERSION = 1.0;
				PRODUCT_BUNDLE_IDENTIFIER = "study-only.StockIWantGetToo";
				PRODUCT_NAME = "$(TARGET_NAME)";
				SWIFT_EMIT_LOC_STRINGS = YES;
				SWIFT_VERSION = 5.0;
				TARGETED_DEVICE_FAMILY = "1,2";
			};
			name = Debug;
		};
		7B0BD262286227A600BB8E86 /* Release */ = {
			isa = XCBuildConfiguration;
			buildSettings = {
				ASSETCATALOG_COMPILER_APPICON_NAME = AppIcon;
				ASSETCATALOG_COMPILER_GLOBAL_ACCENT_COLOR_NAME = AccentColor;
				CODE_SIGN_STYLE = Automatic;
				CURRENT_PROJECT_VERSION = 1;
				DEVELOPMENT_ASSET_PATHS = "\"StockIWantGetToo/Preview Content\"";
				DEVELOPMENT_TEAM = QA36XKL5W8;
				ENABLE_PREVIEWS = YES;
				GENERATE_INFOPLIST_FILE = YES;
				INFOPLIST_KEY_UIApplicationSceneManifest_Generation = YES;
				INFOPLIST_KEY_UIApplicationSupportsIndirectInputEvents = YES;
				INFOPLIST_KEY_UILaunchScreen_Generation = YES;
				INFOPLIST_KEY_UISupportedInterfaceOrientations_iPad = "UIInterfaceOrientationPortrait UIInterfaceOrientationPortraitUpsideDown UIInterfaceOrientationLandscapeLeft UIInterfaceOrientationLandscapeRight";
				INFOPLIST_KEY_UISupportedInterfaceOrientations_iPhone = "UIInterfaceOrientationPortrait UIInterfaceOrientationLandscapeLeft UIInterfaceOrientationLandscapeRight";
				LD_RUNPATH_SEARCH_PATHS = (
					"$(inherited)",
					"@executable_path/Frameworks",
				);
				MARKETING_VERSION = 1.0;
				PRODUCT_BUNDLE_IDENTIFIER = "study-only.StockIWantGetToo";
				PRODUCT_NAME = "$(TARGET_NAME)";
				SWIFT_EMIT_LOC_STRINGS = YES;
				SWIFT_VERSION = 5.0;
				TARGETED_DEVICE_FAMILY = "1,2";
			};
			name = Release;
		};
		7B0BD264286227A600BB8E86 /* Debug */ = {
			isa = XCBuildConfiguration;
			buildSettings = {
				ALWAYS_EMBED_SWIFT_STANDARD_LIBRARIES = YES;
				BUNDLE_LOADER = "$(TEST_HOST)";
				CODE_SIGN_STYLE = Automatic;
				CURRENT_PROJECT_VERSION = 1;
				DEVELOPMENT_TEAM = QA36XKL5W8;
				GENERATE_INFOPLIST_FILE = YES;
				IPHONEOS_DEPLOYMENT_TARGET = 15.4;
				MARKETING_VERSION = 1.0;
				PRODUCT_BUNDLE_IDENTIFIER = "study-only.StockIWantGetTooTests";
				PRODUCT_NAME = "$(TARGET_NAME)";
				SWIFT_EMIT_LOC_STRINGS = NO;
				SWIFT_VERSION = 5.0;
				TARGETED_DEVICE_FAMILY = "1,2";
				TEST_HOST = "$(BUILT_PRODUCTS_DIR)/StockIWantGetToo.app/StockIWantGetToo";
			};
			name = Debug;
		};
		7B0BD265286227A600BB8E86 /* Release */ = {
			isa = XCBuildConfiguration;
			buildSettings = {
				ALWAYS_EMBED_SWIFT_STANDARD_LIBRARIES = YES;
				BUNDLE_LOADER = "$(TEST_HOST)";
				CODE_SIGN_STYLE = Automatic;
				CURRENT_PROJECT_VERSION = 1;
				DEVELOPMENT_TEAM = QA36XKL5W8;
				GENERATE_INFOPLIST_FILE = YES;
				IPHONEOS_DEPLOYMENT_TARGET = 15.4;
				MARKETING_VERSION = 1.0;
				PRODUCT_BUNDLE_IDENTIFIER = "study-only.StockIWantGetTooTests";
				PRODUCT_NAME = "$(TARGET_NAME)";
				SWIFT_EMIT_LOC_STRINGS = NO;
				SWIFT_VERSION = 5.0;
				TARGETED_DEVICE_FAMILY = "1,2";
				TEST_HOST = "$(BUILT_PRODUCTS_DIR)/StockIWantGetToo.app/StockIWantGetToo";
			};
			name = Release;
		};
		7B0BD267286227A600BB8E86 /* Debug */ = {
			isa = XCBuildConfiguration;
			buildSettings = {
				ALWAYS_EMBED_SWIFT_STANDARD_LIBRARIES = YES;
				CODE_SIGN_STYLE = Automatic;
				CURRENT_PROJECT_VERSION = 1;
				DEVELOPMENT_TEAM = QA36XKL5W8;
				GENERATE_INFOPLIST_FILE = YES;
				MARKETING_VERSION = 1.0;
				PRODUCT_BUNDLE_IDENTIFIER = "study-only.StockIWantGetTooUITests";
				PRODUCT_NAME = "$(TARGET_NAME)";
				SWIFT_EMIT_LOC_STRINGS = NO;
				SWIFT_VERSION = 5.0;
				TARGETED_DEVICE_FAMILY = "1,2";
				TEST_TARGET_NAME = StockIWantGetToo;
			};
			name = Debug;
		};
		7B0BD268286227A600BB8E86 /* Release */ = {
			isa = XCBuildConfiguration;
			buildSettings = {
				ALWAYS_EMBED_SWIFT_STANDARD_LIBRARIES = YES;
				CODE_SIGN_STYLE = Automatic;
				CURRENT_PROJECT_VERSION = 1;
				DEVELOPMENT_TEAM = QA36XKL5W8;
				GENERATE_INFOPLIST_FILE = YES;
				MARKETING_VERSION = 1.0;
				PRODUCT_BUNDLE_IDENTIFIER = "study-only.StockIWantGetTooUITests";
				PRODUCT_NAME = "$(TARGET_NAME)";
				SWIFT_EMIT_LOC_STRINGS = NO;
				SWIFT_VERSION = 5.0;
				TARGETED_DEVICE_FAMILY = "1,2";
				TEST_TARGET_NAME = StockIWantGetToo;
			};
			name = Release;
		};
/* End XCBuildConfiguration section */

/* Begin XCConfigurationList section */
		7B0BD237286227A500BB8E86 /* Build configuration list for PBXProject "StockIWantGetToo" */ = {
			isa = XCConfigurationList;
			buildConfigurations = (
				7B0BD25E286227A600BB8E86 /* Debug */,
				7B0BD25F286227A600BB8E86 /* Release */,
			);
			defaultConfigurationIsVisible = 0;
			defaultConfigurationName = Release;
		};
		7B0BD260286227A600BB8E86 /* Build configuration list for PBXNativeTarget "StockIWantGetToo" */ = {
			isa = XCConfigurationList;
			buildConfigurations = (
				7B0BD261286227A600BB8E86 /* Debug */,
				7B0BD262286227A600BB8E86 /* Release */,
			);
			defaultConfigurationIsVisible = 0;
			defaultConfigurationName = Release;
		};
		7B0BD263286227A600BB8E86 /* Build configuration list for PBXNativeTarget "StockIWantGetTooTests" */ = {
			isa = XCConfigurationList;
			buildConfigurations = (
				7B0BD264286227A600BB8E86 /* Debug */,
				7B0BD265286227A600BB8E86 /* Release */,
			);
			defaultConfigurationIsVisible = 0;
			defaultConfigurationName = Release;
		};
		7B0BD266286227A600BB8E86 /* Build configuration list for PBXNativeTarget "StockIWantGetTooUITests" */ = {
			isa = XCConfigurationList;
			buildConfigurations = (
				7B0BD267286227A600BB8E86 /* Debug */,
				7B0BD268286227A600BB8E86 /* Release */,
			);
			defaultConfigurationIsVisible = 0;
			defaultConfigurationName = Release;
		};
/* End XCConfigurationList section */
	};
	rootObject = 7B0BD234286227A500BB8E86 /* Project object */;
}
